
Microsoft Visual Studio Solution File, Format Version 12.00
# Visual Studio 14
VisualStudioVersion = 14.0.25420.1
MinimumVisualStudioVersion = 10.0.40219.1
Project("{FAE04EC0-301F-11D3-BF4B-00C04F79EFBC}") = "Mixer.Base", "Mixer.Base\Mixer.Base.csproj", "{3D2FD5B5-BEFD-414E-A79F-C26B6842691D}"
EndProject
Project("{FAE04EC0-301F-11D3-BF4B-00C04F79EFBC}") = "Mixer.UnitTests", "Mixer.UnitTests\Mixer.UnitTests.csproj", "{6CE0ED6C-9AE0-47C6-973B-8A50CF658482}"
EndProject
Project("{FAE04EC0-301F-11D3-BF4B-00C04F79EFBC}") = "Mixer.Sample", "Mixer.Sample\Mixer.Sample.csproj", "{850B4E8C-9F48-4593-AD7D-FF920F02CECC}"
EndProject
Global
	GlobalSection(SolutionConfigurationPlatforms) = preSolution
		Debug|Any CPU = Debug|Any CPU
		Release|Any CPU = Release|Any CPU
	EndGlobalSection
	GlobalSection(ProjectConfigurationPlatforms) = postSolution
		{3D2FD5B5-BEFD-414E-A79F-C26B6842691D}.Debug|Any CPU.ActiveCfg = Debug|Any CPU
		{3D2FD5B5-BEFD-414E-A79F-C26B6842691D}.Debug|Any CPU.Build.0 = Debug|Any CPU
		{3D2FD5B5-BEFD-414E-A79F-C26B6842691D}.Release|Any CPU.ActiveCfg = Release|Any CPU
		{3D2FD5B5-BEFD-414E-A79F-C26B6842691D}.Release|Any CPU.Build.0 = Release|Any CPU
		{6CE0ED6C-9AE0-47C6-973B-8A50CF658482}.Debug|Any CPU.ActiveCfg = Debug|Any CPU
		{6CE0ED6C-9AE0-47C6-973B-8A50CF658482}.Debug|Any CPU.Build.0 = Debug|Any CPU
		{6CE0ED6C-9AE0-47C6-973B-8A50CF658482}.Release|Any CPU.ActiveCfg = Release|Any CPU
		{6CE0ED6C-9AE0-47C6-973B-8A50CF658482}.Release|Any CPU.Build.0 = Release|Any CPU
		{850B4E8C-9F48-4593-AD7D-FF920F02CECC}.Debug|Any CPU.ActiveCfg = Debug|Any CPU
		{850B4E8C-9F48-4593-AD7D-FF920F02CECC}.Debug|Any CPU.Build.0 = Debug|Any CPU
		{850B4E8C-9F48-4593-AD7D-FF920F02CECC}.Release|Any CPU.ActiveCfg = Release|Any CPU
		{850B4E8C-9F48-4593-AD7D-FF920F02CECC}.Release|Any CPU.Build.0 = Release|Any CPU
	EndGlobalSection
	GlobalSection(SolutionProperties) = preSolution
		HideSolutionNode = FALSE
	EndGlobalSection
EndGlobal
