
Microsoft Visual Studio Solution File, Format Version 12.00
# Visual Studio 15
VisualStudioVersion = 15.0.27004.2008
MinimumVisualStudioVersion = 10.0.40219.1
Project("{2150E333-8FDC-42A3-9474-1A3956D46DE8}") = "Solution Items", "Solution Items", "{B38950FA-645B-49A0-886A-1B9B29711F61}"
	ProjectSection(SolutionItems) = preProject
		.travis.yml = .travis.yml
		LICENSE.txt = LICENSE.txt
		README.md = README.md
	EndProjectSection
EndProject
Project("{9A19103F-16F7-4668-BE54-9A1E7A4F7556}") = "Mixer.Base", "Mixer.Base\Mixer.Base.csproj", "{9A4792AD-5E16-4DE0-A8F4-0E8021F354E3}"
EndProject
Project("{9A19103F-16F7-4668-BE54-9A1E7A4F7556}") = "Mixer.Base.UnitTests", "Mixer.Base.UnitTests\Mixer.Base.UnitTests.csproj", "{B5C65153-F488-4443-B2A3-52E0CE304A54}"
EndProject
Global
	GlobalSection(SolutionConfigurationPlatforms) = preSolution
		Debug|Any CPU = Debug|Any CPU
		Debug|x86 = Debug|x86
		Release|Any CPU = Release|Any CPU
		Release|x86 = Release|x86
	EndGlobalSection
	GlobalSection(ProjectConfigurationPlatforms) = postSolution
		{9A4792AD-5E16-4DE0-A8F4-0E8021F354E3}.Debug|Any CPU.ActiveCfg = Debug|Any CPU
		{9A4792AD-5E16-4DE0-A8F4-0E8021F354E3}.Debug|Any CPU.Build.0 = Debug|Any CPU
		{9A4792AD-5E16-4DE0-A8F4-0E8021F354E3}.Debug|x86.ActiveCfg = Debug|Any CPU
		{9A4792AD-5E16-4DE0-A8F4-0E8021F354E3}.Debug|x86.Build.0 = Debug|Any CPU
		{9A4792AD-5E16-4DE0-A8F4-0E8021F354E3}.Release|Any CPU.ActiveCfg = Release|Any CPU
		{9A4792AD-5E16-4DE0-A8F4-0E8021F354E3}.Release|Any CPU.Build.0 = Release|Any CPU
		{9A4792AD-5E16-4DE0-A8F4-0E8021F354E3}.Release|x86.ActiveCfg = Release|Any CPU
		{9A4792AD-5E16-4DE0-A8F4-0E8021F354E3}.Release|x86.Build.0 = Release|Any CPU
		{B5C65153-F488-4443-B2A3-52E0CE304A54}.Debug|Any CPU.ActiveCfg = Debug|Any CPU
		{B5C65153-F488-4443-B2A3-52E0CE304A54}.Debug|Any CPU.Build.0 = Debug|Any CPU
		{B5C65153-F488-4443-B2A3-52E0CE304A54}.Debug|x86.ActiveCfg = Debug|Any CPU
		{B5C65153-F488-4443-B2A3-52E0CE304A54}.Debug|x86.Build.0 = Debug|Any CPU
		{B5C65153-F488-4443-B2A3-52E0CE304A54}.Release|Any CPU.ActiveCfg = Release|Any CPU
		{B5C65153-F488-4443-B2A3-52E0CE304A54}.Release|Any CPU.Build.0 = Release|Any CPU
		{B5C65153-F488-4443-B2A3-52E0CE304A54}.Release|x86.ActiveCfg = Release|Any CPU
		{B5C65153-F488-4443-B2A3-52E0CE304A54}.Release|x86.Build.0 = Release|Any CPU
	EndGlobalSection
	GlobalSection(SolutionProperties) = preSolution
		HideSolutionNode = FALSE
	EndGlobalSection
	GlobalSection(ExtensibilityGlobals) = postSolution
		SolutionGuid = {9FE2C578-F9C3-42C1-AE95-BFB0C4A0E927}
	EndGlobalSection
EndGlobal
