
Microsoft Visual Studio Solution File, Format Version 12.00
# Visual Studio Version 16
VisualStudioVersion = 16.0.30225.117
MinimumVisualStudioVersion = 10.0.40219.1
Project("{2150E333-8FDC-42A3-9474-1A3956D46DE8}") = "Solution Items", "Solution Items", "{B38950FA-645B-49A0-886A-1B9B29711F61}"
	ProjectSection(SolutionItems) = preProject
		..\.travis.yml = ..\.travis.yml
		..\LICENSE.txt = ..\LICENSE.txt
		..\README.md = ..\README.md
	EndProjectSection
EndProject
Project("{2150E333-8FDC-42A3-9474-1A3956D46DE8}") = "Twitch", "Twitch", "{15853CC4-4FF4-4942-ABE9-0D1B1BCD0F9C}"
EndProject
Project("{2150E333-8FDC-42A3-9474-1A3956D46DE8}") = "YouTube", "YouTube", "{310F8834-CFC8-4E18-80A1-2A2737228A44}"
EndProject
Project("{9A19103F-16F7-4668-BE54-9A1E7A4F7556}") = "Twitch.Base", "Twitch\Twitch.Base\Twitch.Base.csproj", "{918EA860-4EEF-4422-8F6C-355E7718D844}"
EndProject
Project("{9A19103F-16F7-4668-BE54-9A1E7A4F7556}") = "Twitch.Base.UnitTests", "Twitch\Twitch.Base.UnitTests\Twitch.Base.UnitTests.csproj", "{3E25B588-C4D2-4ECF-AED8-5737FAB4DCBD}"
EndProject
Project("{9A19103F-16F7-4668-BE54-9A1E7A4F7556}") = "StreamingClient.Base", "StreamingClient.Base\StreamingClient.Base.csproj", "{EC5AD449-A758-4FD4-A72B-05FB30F03470}"
EndProject
Project("{2150E333-8FDC-42A3-9474-1A3956D46DE8}") = "Libraries", "Libraries", "{D7F44B06-4F15-43AA-B572-E5C8EC9FEB68}"
EndProject
Project("{2150E333-8FDC-42A3-9474-1A3956D46DE8}") = "Samples", "Samples", "{FD41BECD-E5AC-4D32-960F-2BD8E3E29A46}"
EndProject
Project("{2150E333-8FDC-42A3-9474-1A3956D46DE8}") = "Twitch", "Twitch", "{A036E2E9-43ED-4928-8235-1066BA5FDE05}"
EndProject
Project("{2150E333-8FDC-42A3-9474-1A3956D46DE8}") = "YouTube", "YouTube", "{4A93CE08-D195-4A2F-985E-D8BC8C9B0CCF}"
EndProject
Project("{FAE04EC0-301F-11D3-BF4B-00C04F79EFBC}") = "Twitch.ChatSample.Console", "Twitch\Samples\Twitch.ChatSample.Console\Twitch.ChatSample.Console.csproj", "{FC6D4634-D892-44EF-BA71-5BADE3AB594D}"
EndProject
Project("{FAE04EC0-301F-11D3-BF4B-00C04F79EFBC}") = "Twitch.PubSubSample.Console", "Twitch\Samples\Twitch.PubSubSample.Console\Twitch.PubSubSample.Console.csproj", "{EE516D81-B761-4ED9-80FB-0710B293E5F7}"
EndProject
Project("{9A19103F-16F7-4668-BE54-9A1E7A4F7556}") = "YouTube.Base", "YouTube\YouTube.Base\YouTube.Base.csproj", "{D55565FF-E75D-46A3-BEA1-75414C9C3B76}"
EndProject
Project("{9A19103F-16F7-4668-BE54-9A1E7A4F7556}") = "YouTube.Base.UnitTests", "YouTube\YouTube.Base.UnitTests\YouTube.Base.UnitTests.csproj", "{4B768FE0-EBA6-4372-9E76-60B06A76E854}"
EndProject
Project("{FAE04EC0-301F-11D3-BF4B-00C04F79EFBC}") = "YouTube.ChatSample.Console", "YouTube\Samples\YouTube.ChatSample.Console\YouTube.ChatSample.Console.csproj", "{C88DF63D-227A-458E-9270-AB6A777A7A09}"
EndProject
Project("{FAE04EC0-301F-11D3-BF4B-00C04F79EFBC}") = "YouTube.VideoUploadSample.Console", "YouTube\Samples\YouTube.VideoUploadSample.Console\YouTube.VideoUploadSample.Console.csproj", "{7BD692E5-6886-4B5C-83C1-533BE2F90E67}"
EndProject
Project("{9A19103F-16F7-4668-BE54-9A1E7A4F7556}") = "Twitch.Extensions.Base", "Twitch\Twitch.Extensions.Base\Twitch.Extensions.Base.csproj", "{2F0FA09E-EA0C-4DA1-BED0-B09E8C6B6F89}"
EndProject
Project("{9A19103F-16F7-4668-BE54-9A1E7A4F7556}") = "Twitch.ExtensionSample.API", "Twitch\Samples\Twitch.ExtensionSample.API\Twitch.ExtensionSample.API.csproj", "{5A6406CC-ACE0-48A4-A228-6FC7A24F2E9F}"
EndProject
Project("{9A19103F-16F7-4668-BE54-9A1E7A4F7556}") = "Twitch.WebhooksSample.API", "Twitch\Samples\Twitch.WebhooksSample.API\Twitch.WebhooksSample.API.csproj", "{5B88AA03-1640-4CD1-B616-430BB30E2D99}"
EndProject
Project("{9A19103F-16F7-4668-BE54-9A1E7A4F7556}") = "Twitch.Webhooks.Base", "Twitch\Twitch.Webhooks.Base\Twitch.Webhooks.Base.csproj", "{4A77F5CE-3A77-46D6-8C1F-C1673996C23E}"
EndProject
Global
	GlobalSection(SolutionConfigurationPlatforms) = preSolution
		Debug|Any CPU = Debug|Any CPU
		Debug|x86 = Debug|x86
		Release|Any CPU = Release|Any CPU
		Release|x86 = Release|x86
	EndGlobalSection
	GlobalSection(ProjectConfigurationPlatforms) = postSolution
		{918EA860-4EEF-4422-8F6C-355E7718D844}.Debug|Any CPU.ActiveCfg = Debug|Any CPU
		{918EA860-4EEF-4422-8F6C-355E7718D844}.Debug|Any CPU.Build.0 = Debug|Any CPU
		{918EA860-4EEF-4422-8F6C-355E7718D844}.Debug|x86.ActiveCfg = Debug|Any CPU
		{918EA860-4EEF-4422-8F6C-355E7718D844}.Debug|x86.Build.0 = Debug|Any CPU
		{918EA860-4EEF-4422-8F6C-355E7718D844}.Release|Any CPU.ActiveCfg = Release|Any CPU
		{918EA860-4EEF-4422-8F6C-355E7718D844}.Release|Any CPU.Build.0 = Release|Any CPU
		{918EA860-4EEF-4422-8F6C-355E7718D844}.Release|x86.ActiveCfg = Release|Any CPU
		{918EA860-4EEF-4422-8F6C-355E7718D844}.Release|x86.Build.0 = Release|Any CPU
		{3E25B588-C4D2-4ECF-AED8-5737FAB4DCBD}.Debug|Any CPU.ActiveCfg = Debug|Any CPU
		{3E25B588-C4D2-4ECF-AED8-5737FAB4DCBD}.Debug|Any CPU.Build.0 = Debug|Any CPU
		{3E25B588-C4D2-4ECF-AED8-5737FAB4DCBD}.Debug|x86.ActiveCfg = Debug|Any CPU
		{3E25B588-C4D2-4ECF-AED8-5737FAB4DCBD}.Debug|x86.Build.0 = Debug|Any CPU
		{3E25B588-C4D2-4ECF-AED8-5737FAB4DCBD}.Release|Any CPU.ActiveCfg = Release|Any CPU
		{3E25B588-C4D2-4ECF-AED8-5737FAB4DCBD}.Release|Any CPU.Build.0 = Release|Any CPU
		{3E25B588-C4D2-4ECF-AED8-5737FAB4DCBD}.Release|x86.ActiveCfg = Release|Any CPU
		{3E25B588-C4D2-4ECF-AED8-5737FAB4DCBD}.Release|x86.Build.0 = Release|Any CPU
		{EC5AD449-A758-4FD4-A72B-05FB30F03470}.Debug|Any CPU.ActiveCfg = Debug|Any CPU
		{EC5AD449-A758-4FD4-A72B-05FB30F03470}.Debug|Any CPU.Build.0 = Debug|Any CPU
		{EC5AD449-A758-4FD4-A72B-05FB30F03470}.Debug|x86.ActiveCfg = Debug|Any CPU
		{EC5AD449-A758-4FD4-A72B-05FB30F03470}.Debug|x86.Build.0 = Debug|Any CPU
		{EC5AD449-A758-4FD4-A72B-05FB30F03470}.Release|Any CPU.ActiveCfg = Release|Any CPU
		{EC5AD449-A758-4FD4-A72B-05FB30F03470}.Release|Any CPU.Build.0 = Release|Any CPU
		{EC5AD449-A758-4FD4-A72B-05FB30F03470}.Release|x86.ActiveCfg = Release|Any CPU
		{EC5AD449-A758-4FD4-A72B-05FB30F03470}.Release|x86.Build.0 = Release|Any CPU
		{FC6D4634-D892-44EF-BA71-5BADE3AB594D}.Debug|Any CPU.ActiveCfg = Debug|Any CPU
		{FC6D4634-D892-44EF-BA71-5BADE3AB594D}.Debug|Any CPU.Build.0 = Debug|Any CPU
		{FC6D4634-D892-44EF-BA71-5BADE3AB594D}.Debug|x86.ActiveCfg = Debug|Any CPU
		{FC6D4634-D892-44EF-BA71-5BADE3AB594D}.Debug|x86.Build.0 = Debug|Any CPU
		{FC6D4634-D892-44EF-BA71-5BADE3AB594D}.Release|Any CPU.ActiveCfg = Release|Any CPU
		{FC6D4634-D892-44EF-BA71-5BADE3AB594D}.Release|Any CPU.Build.0 = Release|Any CPU
		{FC6D4634-D892-44EF-BA71-5BADE3AB594D}.Release|x86.ActiveCfg = Release|Any CPU
		{FC6D4634-D892-44EF-BA71-5BADE3AB594D}.Release|x86.Build.0 = Release|Any CPU
		{EE516D81-B761-4ED9-80FB-0710B293E5F7}.Debug|Any CPU.ActiveCfg = Debug|Any CPU
		{EE516D81-B761-4ED9-80FB-0710B293E5F7}.Debug|Any CPU.Build.0 = Debug|Any CPU
		{EE516D81-B761-4ED9-80FB-0710B293E5F7}.Debug|x86.ActiveCfg = Debug|Any CPU
		{EE516D81-B761-4ED9-80FB-0710B293E5F7}.Debug|x86.Build.0 = Debug|Any CPU
		{EE516D81-B761-4ED9-80FB-0710B293E5F7}.Release|Any CPU.ActiveCfg = Release|Any CPU
		{EE516D81-B761-4ED9-80FB-0710B293E5F7}.Release|Any CPU.Build.0 = Release|Any CPU
		{EE516D81-B761-4ED9-80FB-0710B293E5F7}.Release|x86.ActiveCfg = Release|Any CPU
		{EE516D81-B761-4ED9-80FB-0710B293E5F7}.Release|x86.Build.0 = Release|Any CPU
		{D55565FF-E75D-46A3-BEA1-75414C9C3B76}.Debug|Any CPU.ActiveCfg = Debug|Any CPU
		{D55565FF-E75D-46A3-BEA1-75414C9C3B76}.Debug|Any CPU.Build.0 = Debug|Any CPU
		{D55565FF-E75D-46A3-BEA1-75414C9C3B76}.Debug|x86.ActiveCfg = Debug|Any CPU
		{D55565FF-E75D-46A3-BEA1-75414C9C3B76}.Debug|x86.Build.0 = Debug|Any CPU
		{D55565FF-E75D-46A3-BEA1-75414C9C3B76}.Release|Any CPU.ActiveCfg = Release|Any CPU
		{D55565FF-E75D-46A3-BEA1-75414C9C3B76}.Release|Any CPU.Build.0 = Release|Any CPU
		{D55565FF-E75D-46A3-BEA1-75414C9C3B76}.Release|x86.ActiveCfg = Release|Any CPU
		{D55565FF-E75D-46A3-BEA1-75414C9C3B76}.Release|x86.Build.0 = Release|Any CPU
		{4B768FE0-EBA6-4372-9E76-60B06A76E854}.Debug|Any CPU.ActiveCfg = Debug|Any CPU
		{4B768FE0-EBA6-4372-9E76-60B06A76E854}.Debug|Any CPU.Build.0 = Debug|Any CPU
		{4B768FE0-EBA6-4372-9E76-60B06A76E854}.Debug|x86.ActiveCfg = Debug|Any CPU
		{4B768FE0-EBA6-4372-9E76-60B06A76E854}.Debug|x86.Build.0 = Debug|Any CPU
		{4B768FE0-EBA6-4372-9E76-60B06A76E854}.Release|Any CPU.ActiveCfg = Release|Any CPU
		{4B768FE0-EBA6-4372-9E76-60B06A76E854}.Release|Any CPU.Build.0 = Release|Any CPU
		{4B768FE0-EBA6-4372-9E76-60B06A76E854}.Release|x86.ActiveCfg = Release|Any CPU
		{4B768FE0-EBA6-4372-9E76-60B06A76E854}.Release|x86.Build.0 = Release|Any CPU
		{C88DF63D-227A-458E-9270-AB6A777A7A09}.Debug|Any CPU.ActiveCfg = Debug|Any CPU
		{C88DF63D-227A-458E-9270-AB6A777A7A09}.Debug|Any CPU.Build.0 = Debug|Any CPU
		{C88DF63D-227A-458E-9270-AB6A777A7A09}.Debug|x86.ActiveCfg = Debug|Any CPU
		{C88DF63D-227A-458E-9270-AB6A777A7A09}.Debug|x86.Build.0 = Debug|Any CPU
		{C88DF63D-227A-458E-9270-AB6A777A7A09}.Release|Any CPU.ActiveCfg = Release|Any CPU
		{C88DF63D-227A-458E-9270-AB6A777A7A09}.Release|Any CPU.Build.0 = Release|Any CPU
		{C88DF63D-227A-458E-9270-AB6A777A7A09}.Release|x86.ActiveCfg = Release|Any CPU
		{C88DF63D-227A-458E-9270-AB6A777A7A09}.Release|x86.Build.0 = Release|Any CPU
		{7BD692E5-6886-4B5C-83C1-533BE2F90E67}.Debug|Any CPU.ActiveCfg = Debug|Any CPU
		{7BD692E5-6886-4B5C-83C1-533BE2F90E67}.Debug|Any CPU.Build.0 = Debug|Any CPU
		{7BD692E5-6886-4B5C-83C1-533BE2F90E67}.Debug|x86.ActiveCfg = Debug|Any CPU
		{7BD692E5-6886-4B5C-83C1-533BE2F90E67}.Debug|x86.Build.0 = Debug|Any CPU
		{7BD692E5-6886-4B5C-83C1-533BE2F90E67}.Release|Any CPU.ActiveCfg = Release|Any CPU
		{7BD692E5-6886-4B5C-83C1-533BE2F90E67}.Release|Any CPU.Build.0 = Release|Any CPU
		{7BD692E5-6886-4B5C-83C1-533BE2F90E67}.Release|x86.ActiveCfg = Release|Any CPU
		{7BD692E5-6886-4B5C-83C1-533BE2F90E67}.Release|x86.Build.0 = Release|Any CPU
		{2F0FA09E-EA0C-4DA1-BED0-B09E8C6B6F89}.Debug|Any CPU.ActiveCfg = Debug|Any CPU
		{2F0FA09E-EA0C-4DA1-BED0-B09E8C6B6F89}.Debug|Any CPU.Build.0 = Debug|Any CPU
		{2F0FA09E-EA0C-4DA1-BED0-B09E8C6B6F89}.Debug|x86.ActiveCfg = Debug|Any CPU
		{2F0FA09E-EA0C-4DA1-BED0-B09E8C6B6F89}.Debug|x86.Build.0 = Debug|Any CPU
		{2F0FA09E-EA0C-4DA1-BED0-B09E8C6B6F89}.Release|Any CPU.ActiveCfg = Release|Any CPU
		{2F0FA09E-EA0C-4DA1-BED0-B09E8C6B6F89}.Release|Any CPU.Build.0 = Release|Any CPU
		{2F0FA09E-EA0C-4DA1-BED0-B09E8C6B6F89}.Release|x86.ActiveCfg = Release|Any CPU
		{2F0FA09E-EA0C-4DA1-BED0-B09E8C6B6F89}.Release|x86.Build.0 = Release|Any CPU
		{5A6406CC-ACE0-48A4-A228-6FC7A24F2E9F}.Debug|Any CPU.ActiveCfg = Debug|Any CPU
		{5A6406CC-ACE0-48A4-A228-6FC7A24F2E9F}.Debug|Any CPU.Build.0 = Debug|Any CPU
		{5A6406CC-ACE0-48A4-A228-6FC7A24F2E9F}.Debug|x86.ActiveCfg = Debug|Any CPU
		{5A6406CC-ACE0-48A4-A228-6FC7A24F2E9F}.Debug|x86.Build.0 = Debug|Any CPU
		{5A6406CC-ACE0-48A4-A228-6FC7A24F2E9F}.Release|Any CPU.ActiveCfg = Release|Any CPU
		{5A6406CC-ACE0-48A4-A228-6FC7A24F2E9F}.Release|Any CPU.Build.0 = Release|Any CPU
		{5A6406CC-ACE0-48A4-A228-6FC7A24F2E9F}.Release|x86.ActiveCfg = Release|Any CPU
		{5A6406CC-ACE0-48A4-A228-6FC7A24F2E9F}.Release|x86.Build.0 = Release|Any CPU
		{5B88AA03-1640-4CD1-B616-430BB30E2D99}.Debug|Any CPU.ActiveCfg = Debug|Any CPU
		{5B88AA03-1640-4CD1-B616-430BB30E2D99}.Debug|Any CPU.Build.0 = Debug|Any CPU
		{5B88AA03-1640-4CD1-B616-430BB30E2D99}.Debug|x86.ActiveCfg = Debug|Any CPU
		{5B88AA03-1640-4CD1-B616-430BB30E2D99}.Debug|x86.Build.0 = Debug|Any CPU
		{5B88AA03-1640-4CD1-B616-430BB30E2D99}.Release|Any CPU.ActiveCfg = Release|Any CPU
		{5B88AA03-1640-4CD1-B616-430BB30E2D99}.Release|Any CPU.Build.0 = Release|Any CPU
		{5B88AA03-1640-4CD1-B616-430BB30E2D99}.Release|x86.ActiveCfg = Release|Any CPU
		{5B88AA03-1640-4CD1-B616-430BB30E2D99}.Release|x86.Build.0 = Release|Any CPU
		{4A77F5CE-3A77-46D6-8C1F-C1673996C23E}.Debug|Any CPU.ActiveCfg = Debug|Any CPU
		{4A77F5CE-3A77-46D6-8C1F-C1673996C23E}.Debug|Any CPU.Build.0 = Debug|Any CPU
		{4A77F5CE-3A77-46D6-8C1F-C1673996C23E}.Debug|x86.ActiveCfg = Debug|Any CPU
		{4A77F5CE-3A77-46D6-8C1F-C1673996C23E}.Debug|x86.Build.0 = Debug|Any CPU
		{4A77F5CE-3A77-46D6-8C1F-C1673996C23E}.Release|Any CPU.ActiveCfg = Release|Any CPU
		{4A77F5CE-3A77-46D6-8C1F-C1673996C23E}.Release|Any CPU.Build.0 = Release|Any CPU
		{4A77F5CE-3A77-46D6-8C1F-C1673996C23E}.Release|x86.ActiveCfg = Release|Any CPU
		{4A77F5CE-3A77-46D6-8C1F-C1673996C23E}.Release|x86.Build.0 = Release|Any CPU
	EndGlobalSection
	GlobalSection(SolutionProperties) = preSolution
		HideSolutionNode = FALSE
	EndGlobalSection
	GlobalSection(NestedProjects) = preSolution
		{15853CC4-4FF4-4942-ABE9-0D1B1BCD0F9C} = {D7F44B06-4F15-43AA-B572-E5C8EC9FEB68}
		{310F8834-CFC8-4E18-80A1-2A2737228A44} = {D7F44B06-4F15-43AA-B572-E5C8EC9FEB68}
		{918EA860-4EEF-4422-8F6C-355E7718D844} = {15853CC4-4FF4-4942-ABE9-0D1B1BCD0F9C}
		{3E25B588-C4D2-4ECF-AED8-5737FAB4DCBD} = {15853CC4-4FF4-4942-ABE9-0D1B1BCD0F9C}
		{A036E2E9-43ED-4928-8235-1066BA5FDE05} = {FD41BECD-E5AC-4D32-960F-2BD8E3E29A46}
		{4A93CE08-D195-4A2F-985E-D8BC8C9B0CCF} = {FD41BECD-E5AC-4D32-960F-2BD8E3E29A46}
		{FC6D4634-D892-44EF-BA71-5BADE3AB594D} = {A036E2E9-43ED-4928-8235-1066BA5FDE05}
		{EE516D81-B761-4ED9-80FB-0710B293E5F7} = {A036E2E9-43ED-4928-8235-1066BA5FDE05}
		{D55565FF-E75D-46A3-BEA1-75414C9C3B76} = {310F8834-CFC8-4E18-80A1-2A2737228A44}
		{4B768FE0-EBA6-4372-9E76-60B06A76E854} = {310F8834-CFC8-4E18-80A1-2A2737228A44}
		{C88DF63D-227A-458E-9270-AB6A777A7A09} = {4A93CE08-D195-4A2F-985E-D8BC8C9B0CCF}
		{7BD692E5-6886-4B5C-83C1-533BE2F90E67} = {4A93CE08-D195-4A2F-985E-D8BC8C9B0CCF}
		{2F0FA09E-EA0C-4DA1-BED0-B09E8C6B6F89} = {15853CC4-4FF4-4942-ABE9-0D1B1BCD0F9C}
		{5A6406CC-ACE0-48A4-A228-6FC7A24F2E9F} = {A036E2E9-43ED-4928-8235-1066BA5FDE05}
		{5B88AA03-1640-4CD1-B616-430BB30E2D99} = {A036E2E9-43ED-4928-8235-1066BA5FDE05}
		{4A77F5CE-3A77-46D6-8C1F-C1673996C23E} = {15853CC4-4FF4-4942-ABE9-0D1B1BCD0F9C}
	EndGlobalSection
	GlobalSection(ExtensibilityGlobals) = postSolution
		SolutionGuid = {9FE2C578-F9C3-42C1-AE95-BFB0C4A0E927}
	EndGlobalSection
EndGlobal
