
Microsoft Visual Studio Solution File, Format Version 12.00
# Visual Studio Version 16
VisualStudioVersion = 16.0.30225.117
MinimumVisualStudioVersion = 10.0.40219.1
Project("{2150E333-8FDC-42A3-9474-1A3956D46DE8}") = "Solution Items", "Solution Items", "{B38950FA-645B-49A0-886A-1B9B29711F61}"
	ProjectSection(SolutionItems) = preProject
		.travis.yml = .travis.yml
		LICENSE.txt = LICENSE.txt
		README.md = README.md
	EndProjectSection
EndProject
Project("{2150E333-8FDC-42A3-9474-1A3956D46DE8}") = "Twitch", "Twitch", "{15853CC4-4FF4-4942-ABE9-0D1B1BCD0F9C}"
EndProject
Project("{2150E333-8FDC-42A3-9474-1A3956D46DE8}") = "YouTube", "YouTube", "{310F8834-CFC8-4E18-80A1-2A2737228A44}"
EndProject
Project("{9A19103F-16F7-4668-BE54-9A1E7A4F7556}") = "Twitch.Base", "Twitch\Twitch.Base\Twitch.Base.csproj", "{918EA860-4EEF-4422-8F6C-355E7718D844}"
EndProject
Project("{9A19103F-16F7-4668-BE54-9A1E7A4F7556}") = "Twitch.Base.UnitTests", "Twitch\Twitch.Base.UnitTests\Twitch.Base.UnitTests.csproj", "{3E25B588-C4D2-4ECF-AED8-5737FAB4DCBD}"
EndProject
Project("{9A19103F-16F7-4668-BE54-9A1E7A4F7556}") = "StreamingClient.Base", "StreamingClient.Base\StreamingClient.Base.csproj", "{EC5AD449-A758-4FD4-A72B-05FB30F03470}"
EndProject
Project("{9A19103F-16F7-4668-BE54-9A1E7A4F7556}") = "YouTube.Base", "YouTube\YouTube.Base\YouTube.Base.csproj", "{01C75807-79A0-4E61-851A-487A6D664103}"
EndProject
Project("{9A19103F-16F7-4668-BE54-9A1E7A4F7556}") = "YouTube.Base.UnitTests", "YouTube\YouTube.Base.UnitTests\YouTube.Base.UnitTests.csproj", "{94EC4A3D-188A-4F66-ABFD-714D09D6714C}"
EndProject
Project("{9A19103F-16F7-4668-BE54-9A1E7A4F7556}") = "Twitch.Extensions.Base", "Twitch\Twitch.Extensions.Base\Twitch.Extensions.Base.csproj", "{03D054E7-8681-4450-9FBF-15EEBA328615}"
EndProject
Global
	GlobalSection(SolutionConfigurationPlatforms) = preSolution
		Debug|Any CPU = Debug|Any CPU
		Debug|x86 = Debug|x86
		Release|Any CPU = Release|Any CPU
		Release|x86 = Release|x86
	EndGlobalSection
	GlobalSection(ProjectConfigurationPlatforms) = postSolution
		{918EA860-4EEF-4422-8F6C-355E7718D844}.Debug|Any CPU.ActiveCfg = Debug|Any CPU
		{918EA860-4EEF-4422-8F6C-355E7718D844}.Debug|Any CPU.Build.0 = Debug|Any CPU
		{918EA860-4EEF-4422-8F6C-355E7718D844}.Debug|x86.ActiveCfg = Debug|Any CPU
		{918EA860-4EEF-4422-8F6C-355E7718D844}.Debug|x86.Build.0 = Debug|Any CPU
		{918EA860-4EEF-4422-8F6C-355E7718D844}.Release|Any CPU.ActiveCfg = Release|Any CPU
		{918EA860-4EEF-4422-8F6C-355E7718D844}.Release|Any CPU.Build.0 = Release|Any CPU
		{918EA860-4EEF-4422-8F6C-355E7718D844}.Release|x86.ActiveCfg = Release|Any CPU
		{918EA860-4EEF-4422-8F6C-355E7718D844}.Release|x86.Build.0 = Release|Any CPU
		{3E25B588-C4D2-4ECF-AED8-5737FAB4DCBD}.Debug|Any CPU.ActiveCfg = Debug|Any CPU
		{3E25B588-C4D2-4ECF-AED8-5737FAB4DCBD}.Debug|Any CPU.Build.0 = Debug|Any CPU
		{3E25B588-C4D2-4ECF-AED8-5737FAB4DCBD}.Debug|x86.ActiveCfg = Debug|Any CPU
		{3E25B588-C4D2-4ECF-AED8-5737FAB4DCBD}.Debug|x86.Build.0 = Debug|Any CPU
		{3E25B588-C4D2-4ECF-AED8-5737FAB4DCBD}.Release|Any CPU.ActiveCfg = Release|Any CPU
		{3E25B588-C4D2-4ECF-AED8-5737FAB4DCBD}.Release|Any CPU.Build.0 = Release|Any CPU
		{3E25B588-C4D2-4ECF-AED8-5737FAB4DCBD}.Release|x86.ActiveCfg = Release|Any CPU
		{3E25B588-C4D2-4ECF-AED8-5737FAB4DCBD}.Release|x86.Build.0 = Release|Any CPU
		{EC5AD449-A758-4FD4-A72B-05FB30F03470}.Debug|Any CPU.ActiveCfg = Debug|Any CPU
		{EC5AD449-A758-4FD4-A72B-05FB30F03470}.Debug|Any CPU.Build.0 = Debug|Any CPU
		{EC5AD449-A758-4FD4-A72B-05FB30F03470}.Debug|x86.ActiveCfg = Debug|Any CPU
		{EC5AD449-A758-4FD4-A72B-05FB30F03470}.Debug|x86.Build.0 = Debug|Any CPU
		{EC5AD449-A758-4FD4-A72B-05FB30F03470}.Release|Any CPU.ActiveCfg = Release|Any CPU
		{EC5AD449-A758-4FD4-A72B-05FB30F03470}.Release|Any CPU.Build.0 = Release|Any CPU
		{EC5AD449-A758-4FD4-A72B-05FB30F03470}.Release|x86.ActiveCfg = Release|Any CPU
		{EC5AD449-A758-4FD4-A72B-05FB30F03470}.Release|x86.Build.0 = Release|Any CPU
		{01C75807-79A0-4E61-851A-487A6D664103}.Debug|Any CPU.ActiveCfg = Debug|Any CPU
		{01C75807-79A0-4E61-851A-487A6D664103}.Debug|Any CPU.Build.0 = Debug|Any CPU
		{01C75807-79A0-4E61-851A-487A6D664103}.Debug|x86.ActiveCfg = Debug|Any CPU
		{01C75807-79A0-4E61-851A-487A6D664103}.Debug|x86.Build.0 = Debug|Any CPU
		{01C75807-79A0-4E61-851A-487A6D664103}.Release|Any CPU.ActiveCfg = Release|Any CPU
		{01C75807-79A0-4E61-851A-487A6D664103}.Release|Any CPU.Build.0 = Release|Any CPU
		{01C75807-79A0-4E61-851A-487A6D664103}.Release|x86.ActiveCfg = Release|Any CPU
		{01C75807-79A0-4E61-851A-487A6D664103}.Release|x86.Build.0 = Release|Any CPU
		{94EC4A3D-188A-4F66-ABFD-714D09D6714C}.Debug|Any CPU.ActiveCfg = Debug|Any CPU
		{94EC4A3D-188A-4F66-ABFD-714D09D6714C}.Debug|Any CPU.Build.0 = Debug|Any CPU
		{94EC4A3D-188A-4F66-ABFD-714D09D6714C}.Debug|x86.ActiveCfg = Debug|Any CPU
		{94EC4A3D-188A-4F66-ABFD-714D09D6714C}.Debug|x86.Build.0 = Debug|Any CPU
		{94EC4A3D-188A-4F66-ABFD-714D09D6714C}.Release|Any CPU.ActiveCfg = Release|Any CPU
		{94EC4A3D-188A-4F66-ABFD-714D09D6714C}.Release|Any CPU.Build.0 = Release|Any CPU
		{94EC4A3D-188A-4F66-ABFD-714D09D6714C}.Release|x86.ActiveCfg = Release|Any CPU
		{94EC4A3D-188A-4F66-ABFD-714D09D6714C}.Release|x86.Build.0 = Release|Any CPU
		{03D054E7-8681-4450-9FBF-15EEBA328615}.Debug|Any CPU.ActiveCfg = Debug|Any CPU
		{03D054E7-8681-4450-9FBF-15EEBA328615}.Debug|Any CPU.Build.0 = Debug|Any CPU
		{03D054E7-8681-4450-9FBF-15EEBA328615}.Debug|x86.ActiveCfg = Debug|Any CPU
		{03D054E7-8681-4450-9FBF-15EEBA328615}.Debug|x86.Build.0 = Debug|Any CPU
		{03D054E7-8681-4450-9FBF-15EEBA328615}.Release|Any CPU.ActiveCfg = Release|Any CPU
		{03D054E7-8681-4450-9FBF-15EEBA328615}.Release|Any CPU.Build.0 = Release|Any CPU
		{03D054E7-8681-4450-9FBF-15EEBA328615}.Release|x86.ActiveCfg = Release|Any CPU
		{03D054E7-8681-4450-9FBF-15EEBA328615}.Release|x86.Build.0 = Release|Any CPU
	EndGlobalSection
	GlobalSection(SolutionProperties) = preSolution
		HideSolutionNode = FALSE
	EndGlobalSection
	GlobalSection(NestedProjects) = preSolution
		{918EA860-4EEF-4422-8F6C-355E7718D844} = {15853CC4-4FF4-4942-ABE9-0D1B1BCD0F9C}
		{3E25B588-C4D2-4ECF-AED8-5737FAB4DCBD} = {15853CC4-4FF4-4942-ABE9-0D1B1BCD0F9C}
		{01C75807-79A0-4E61-851A-487A6D664103} = {310F8834-CFC8-4E18-80A1-2A2737228A44}
		{94EC4A3D-188A-4F66-ABFD-714D09D6714C} = {310F8834-CFC8-4E18-80A1-2A2737228A44}
		{03D054E7-8681-4450-9FBF-15EEBA328615} = {15853CC4-4FF4-4942-ABE9-0D1B1BCD0F9C}
	EndGlobalSection
	GlobalSection(ExtensibilityGlobals) = postSolution
		SolutionGuid = {9FE2C578-F9C3-42C1-AE95-BFB0C4A0E927}
	EndGlobalSection
EndGlobal
