
Microsoft Visual Studio Solution File, Format Version 12.00
# Visual Studio 15
VisualStudioVersion = 15.0.27004.2008
MinimumVisualStudioVersion = 10.0.40219.1
Project("{2150E333-8FDC-42A3-9474-1A3956D46DE8}") = "Solution Items", "Solution Items", "{B38950FA-645B-49A0-886A-1B9B29711F61}"
	ProjectSection(SolutionItems) = preProject
		..\.travis.yml = ..\.travis.yml
		..\LICENSE.txt = ..\LICENSE.txt
		..\README.md = ..\README.md
	EndProjectSection
EndProject
Project("{2150E333-8FDC-42A3-9474-1A3956D46DE8}") = "Mixer", "Mixer", "{56BB97CE-8C54-4444-8CD1-1B908393DFF9}"
EndProject
Project("{2150E333-8FDC-42A3-9474-1A3956D46DE8}") = "Twitch", "Twitch", "{15853CC4-4FF4-4942-ABE9-0D1B1BCD0F9C}"
EndProject
Project("{2150E333-8FDC-42A3-9474-1A3956D46DE8}") = "YouTubeLive", "YouTubeLive", "{310F8834-CFC8-4E18-80A1-2A2737228A44}"
EndProject
Project("{9A19103F-16F7-4668-BE54-9A1E7A4F7556}") = "Mixer.Base", "..\Mixer\Mixer.Base\Mixer.Base.csproj", "{08AC895A-3B0C-4C43-8B2E-C625AB48CF4D}"
EndProject
Project("{9A19103F-16F7-4668-BE54-9A1E7A4F7556}") = "Mixer.Base.UnitTests", "..\Mixer\Mixer.Base.UnitTests\Mixer.Base.UnitTests.csproj", "{06CF454F-43AB-4F6E-B941-9E4D6CEF7F0B}"
EndProject
Project("{9A19103F-16F7-4668-BE54-9A1E7A4F7556}") = "Twitch.Base", "..\Twitch\Twitch.Base\Twitch.Base.csproj", "{918EA860-4EEF-4422-8F6C-355E7718D844}"
EndProject
Project("{9A19103F-16F7-4668-BE54-9A1E7A4F7556}") = "Twitch.Base.UnitTests", "..\Twitch\Twitch.Base.UnitTests\Twitch.Base.UnitTests.csproj", "{3E25B588-C4D2-4ECF-AED8-5737FAB4DCBD}"
EndProject
Project("{9A19103F-16F7-4668-BE54-9A1E7A4F7556}") = "YouTubeLive.Base", "..\YouTubeLive\YouTubeLive.Base\YouTubeLive.Base.csproj", "{79BAD032-F775-4D61-A1B5-8C88712144E6}"
EndProject
Project("{9A19103F-16F7-4668-BE54-9A1E7A4F7556}") = "YouTubeLive.Base.UnitTests", "..\YouTubeLive\YouTubeLive.Base.UnitTests\YouTubeLive.Base.UnitTests.csproj", "{97148A04-7A0F-4343-94E0-02837236EDBD}"
EndProject
Project("{9A19103F-16F7-4668-BE54-9A1E7A4F7556}") = "StreamingClient.Base", "..\StreamingClient.Base\StreamingClient.Base.csproj", "{EC5AD449-A758-4FD4-A72B-05FB30F03470}"
EndProject
Project("{2150E333-8FDC-42A3-9474-1A3956D46DE8}") = "Libraries", "Libraries", "{D7F44B06-4F15-43AA-B572-E5C8EC9FEB68}"
EndProject
Project("{2150E333-8FDC-42A3-9474-1A3956D46DE8}") = "Samples", "Samples", "{FD41BECD-E5AC-4D32-960F-2BD8E3E29A46}"
EndProject
Project("{2150E333-8FDC-42A3-9474-1A3956D46DE8}") = "Mixer", "Mixer", "{A032ACD6-E910-4810-B70F-95B46AF36AC1}"
EndProject
Project("{2150E333-8FDC-42A3-9474-1A3956D46DE8}") = "Twitch", "Twitch", "{A036E2E9-43ED-4928-8235-1066BA5FDE05}"
EndProject
Project("{2150E333-8FDC-42A3-9474-1A3956D46DE8}") = "YouTubeLive", "YouTubeLive", "{4A93CE08-D195-4A2F-985E-D8BC8C9B0CCF}"
EndProject
Project("{FAE04EC0-301F-11D3-BF4B-00C04F79EFBC}") = "Mixer.ChatSample.Console", "Mixer.ChatSample.Console\Mixer.ChatSample.Console.csproj", "{AFDF771F-00E6-42E6-8A77-AFCEABF87904}"
EndProject
Project("{FAE04EC0-301F-11D3-BF4B-00C04F79EFBC}") = "Twitch.ChatSample.Console", "Twitch.ChatSample.Console\Twitch.ChatSample.Console.csproj", "{FC6D4634-D892-44EF-BA71-5BADE3AB594D}"
EndProject
Project("{FAE04EC0-301F-11D3-BF4B-00C04F79EFBC}") = "Twitch.PubSubSample.Console", "Twitch.PubSubSample.Console\Twitch.PubSubSample.Console.csproj", "{EE516D81-B761-4ED9-80FB-0710B293E5F7}"
EndProject
Project("{FAE04EC0-301F-11D3-BF4B-00C04F79EFBC}") = "YouTubeLive.ChatSample.Console", "YouTubeLive.ChatSample.Console\YouTubeLive.ChatSample.Console.csproj", "{C88DF63D-227A-458E-9270-AB6A777A7A09}"
EndProject
Project("{FAE04EC0-301F-11D3-BF4B-00C04F79EFBC}") = "YouTubeLive.VideoUploadSample.Console", "YouTubeLive.VideoUploadSample.Console\YouTubeLive.VideoUploadSample.Console.csproj", "{7BD692E5-6886-4B5C-83C1-533BE2F90E67}"
EndProject
Project("{FAE04EC0-301F-11D3-BF4B-00C04F79EFBC}") = "Mixer.MixPlaySample.Console", "Mixer.MixPlaySample.Console\Mixer.MixPlaySample.Console.csproj", "{AEEF5528-E4F8-4BE5-95F4-682EA399DFC4}"
EndProject
Global
	GlobalSection(SolutionConfigurationPlatforms) = preSolution
		Debug|Any CPU = Debug|Any CPU
		Debug|x86 = Debug|x86
		Release|Any CPU = Release|Any CPU
		Release|x86 = Release|x86
	EndGlobalSection
	GlobalSection(ProjectConfigurationPlatforms) = postSolution
		{08AC895A-3B0C-4C43-8B2E-C625AB48CF4D}.Debug|Any CPU.ActiveCfg = Debug|Any CPU
		{08AC895A-3B0C-4C43-8B2E-C625AB48CF4D}.Debug|Any CPU.Build.0 = Debug|Any CPU
		{08AC895A-3B0C-4C43-8B2E-C625AB48CF4D}.Debug|x86.ActiveCfg = Debug|Any CPU
		{08AC895A-3B0C-4C43-8B2E-C625AB48CF4D}.Debug|x86.Build.0 = Debug|Any CPU
		{08AC895A-3B0C-4C43-8B2E-C625AB48CF4D}.Release|Any CPU.ActiveCfg = Release|Any CPU
		{08AC895A-3B0C-4C43-8B2E-C625AB48CF4D}.Release|Any CPU.Build.0 = Release|Any CPU
		{08AC895A-3B0C-4C43-8B2E-C625AB48CF4D}.Release|x86.ActiveCfg = Release|Any CPU
		{08AC895A-3B0C-4C43-8B2E-C625AB48CF4D}.Release|x86.Build.0 = Release|Any CPU
		{06CF454F-43AB-4F6E-B941-9E4D6CEF7F0B}.Debug|Any CPU.ActiveCfg = Debug|Any CPU
		{06CF454F-43AB-4F6E-B941-9E4D6CEF7F0B}.Debug|Any CPU.Build.0 = Debug|Any CPU
		{06CF454F-43AB-4F6E-B941-9E4D6CEF7F0B}.Debug|x86.ActiveCfg = Debug|Any CPU
		{06CF454F-43AB-4F6E-B941-9E4D6CEF7F0B}.Debug|x86.Build.0 = Debug|Any CPU
		{06CF454F-43AB-4F6E-B941-9E4D6CEF7F0B}.Release|Any CPU.ActiveCfg = Release|Any CPU
		{06CF454F-43AB-4F6E-B941-9E4D6CEF7F0B}.Release|Any CPU.Build.0 = Release|Any CPU
		{06CF454F-43AB-4F6E-B941-9E4D6CEF7F0B}.Release|x86.ActiveCfg = Release|Any CPU
		{06CF454F-43AB-4F6E-B941-9E4D6CEF7F0B}.Release|x86.Build.0 = Release|Any CPU
		{918EA860-4EEF-4422-8F6C-355E7718D844}.Debug|Any CPU.ActiveCfg = Debug|Any CPU
		{918EA860-4EEF-4422-8F6C-355E7718D844}.Debug|Any CPU.Build.0 = Debug|Any CPU
		{918EA860-4EEF-4422-8F6C-355E7718D844}.Debug|x86.ActiveCfg = Debug|Any CPU
		{918EA860-4EEF-4422-8F6C-355E7718D844}.Debug|x86.Build.0 = Debug|Any CPU
		{918EA860-4EEF-4422-8F6C-355E7718D844}.Release|Any CPU.ActiveCfg = Release|Any CPU
		{918EA860-4EEF-4422-8F6C-355E7718D844}.Release|Any CPU.Build.0 = Release|Any CPU
		{918EA860-4EEF-4422-8F6C-355E7718D844}.Release|x86.ActiveCfg = Release|Any CPU
		{918EA860-4EEF-4422-8F6C-355E7718D844}.Release|x86.Build.0 = Release|Any CPU
		{3E25B588-C4D2-4ECF-AED8-5737FAB4DCBD}.Debug|Any CPU.ActiveCfg = Debug|Any CPU
		{3E25B588-C4D2-4ECF-AED8-5737FAB4DCBD}.Debug|Any CPU.Build.0 = Debug|Any CPU
		{3E25B588-C4D2-4ECF-AED8-5737FAB4DCBD}.Debug|x86.ActiveCfg = Debug|Any CPU
		{3E25B588-C4D2-4ECF-AED8-5737FAB4DCBD}.Debug|x86.Build.0 = Debug|Any CPU
		{3E25B588-C4D2-4ECF-AED8-5737FAB4DCBD}.Release|Any CPU.ActiveCfg = Release|Any CPU
		{3E25B588-C4D2-4ECF-AED8-5737FAB4DCBD}.Release|Any CPU.Build.0 = Release|Any CPU
		{3E25B588-C4D2-4ECF-AED8-5737FAB4DCBD}.Release|x86.ActiveCfg = Release|Any CPU
		{3E25B588-C4D2-4ECF-AED8-5737FAB4DCBD}.Release|x86.Build.0 = Release|Any CPU
		{79BAD032-F775-4D61-A1B5-8C88712144E6}.Debug|Any CPU.ActiveCfg = Debug|Any CPU
		{79BAD032-F775-4D61-A1B5-8C88712144E6}.Debug|Any CPU.Build.0 = Debug|Any CPU
		{79BAD032-F775-4D61-A1B5-8C88712144E6}.Debug|x86.ActiveCfg = Debug|Any CPU
		{79BAD032-F775-4D61-A1B5-8C88712144E6}.Debug|x86.Build.0 = Debug|Any CPU
		{79BAD032-F775-4D61-A1B5-8C88712144E6}.Release|Any CPU.ActiveCfg = Release|Any CPU
		{79BAD032-F775-4D61-A1B5-8C88712144E6}.Release|Any CPU.Build.0 = Release|Any CPU
		{79BAD032-F775-4D61-A1B5-8C88712144E6}.Release|x86.ActiveCfg = Release|Any CPU
		{79BAD032-F775-4D61-A1B5-8C88712144E6}.Release|x86.Build.0 = Release|Any CPU
		{97148A04-7A0F-4343-94E0-02837236EDBD}.Debug|Any CPU.ActiveCfg = Debug|Any CPU
		{97148A04-7A0F-4343-94E0-02837236EDBD}.Debug|Any CPU.Build.0 = Debug|Any CPU
		{97148A04-7A0F-4343-94E0-02837236EDBD}.Debug|x86.ActiveCfg = Debug|Any CPU
		{97148A04-7A0F-4343-94E0-02837236EDBD}.Debug|x86.Build.0 = Debug|Any CPU
		{97148A04-7A0F-4343-94E0-02837236EDBD}.Release|Any CPU.ActiveCfg = Release|Any CPU
		{97148A04-7A0F-4343-94E0-02837236EDBD}.Release|Any CPU.Build.0 = Release|Any CPU
		{97148A04-7A0F-4343-94E0-02837236EDBD}.Release|x86.ActiveCfg = Release|Any CPU
		{97148A04-7A0F-4343-94E0-02837236EDBD}.Release|x86.Build.0 = Release|Any CPU
		{EC5AD449-A758-4FD4-A72B-05FB30F03470}.Debug|Any CPU.ActiveCfg = Debug|Any CPU
		{EC5AD449-A758-4FD4-A72B-05FB30F03470}.Debug|Any CPU.Build.0 = Debug|Any CPU
		{EC5AD449-A758-4FD4-A72B-05FB30F03470}.Debug|x86.ActiveCfg = Debug|Any CPU
		{EC5AD449-A758-4FD4-A72B-05FB30F03470}.Debug|x86.Build.0 = Debug|Any CPU
		{EC5AD449-A758-4FD4-A72B-05FB30F03470}.Release|Any CPU.ActiveCfg = Release|Any CPU
		{EC5AD449-A758-4FD4-A72B-05FB30F03470}.Release|Any CPU.Build.0 = Release|Any CPU
		{EC5AD449-A758-4FD4-A72B-05FB30F03470}.Release|x86.ActiveCfg = Release|Any CPU
		{EC5AD449-A758-4FD4-A72B-05FB30F03470}.Release|x86.Build.0 = Release|Any CPU
		{AFDF771F-00E6-42E6-8A77-AFCEABF87904}.Debug|Any CPU.ActiveCfg = Debug|Any CPU
		{AFDF771F-00E6-42E6-8A77-AFCEABF87904}.Debug|Any CPU.Build.0 = Debug|Any CPU
		{AFDF771F-00E6-42E6-8A77-AFCEABF87904}.Debug|x86.ActiveCfg = Debug|Any CPU
		{AFDF771F-00E6-42E6-8A77-AFCEABF87904}.Debug|x86.Build.0 = Debug|Any CPU
		{AFDF771F-00E6-42E6-8A77-AFCEABF87904}.Release|Any CPU.ActiveCfg = Release|Any CPU
		{AFDF771F-00E6-42E6-8A77-AFCEABF87904}.Release|Any CPU.Build.0 = Release|Any CPU
		{AFDF771F-00E6-42E6-8A77-AFCEABF87904}.Release|x86.ActiveCfg = Release|Any CPU
		{AFDF771F-00E6-42E6-8A77-AFCEABF87904}.Release|x86.Build.0 = Release|Any CPU
		{FC6D4634-D892-44EF-BA71-5BADE3AB594D}.Debug|Any CPU.ActiveCfg = Debug|Any CPU
		{FC6D4634-D892-44EF-BA71-5BADE3AB594D}.Debug|Any CPU.Build.0 = Debug|Any CPU
		{FC6D4634-D892-44EF-BA71-5BADE3AB594D}.Debug|x86.ActiveCfg = Debug|Any CPU
		{FC6D4634-D892-44EF-BA71-5BADE3AB594D}.Debug|x86.Build.0 = Debug|Any CPU
		{FC6D4634-D892-44EF-BA71-5BADE3AB594D}.Release|Any CPU.ActiveCfg = Release|Any CPU
		{FC6D4634-D892-44EF-BA71-5BADE3AB594D}.Release|Any CPU.Build.0 = Release|Any CPU
		{FC6D4634-D892-44EF-BA71-5BADE3AB594D}.Release|x86.ActiveCfg = Release|Any CPU
		{FC6D4634-D892-44EF-BA71-5BADE3AB594D}.Release|x86.Build.0 = Release|Any CPU
		{EE516D81-B761-4ED9-80FB-0710B293E5F7}.Debug|Any CPU.ActiveCfg = Debug|Any CPU
		{EE516D81-B761-4ED9-80FB-0710B293E5F7}.Debug|Any CPU.Build.0 = Debug|Any CPU
		{EE516D81-B761-4ED9-80FB-0710B293E5F7}.Debug|x86.ActiveCfg = Debug|Any CPU
		{EE516D81-B761-4ED9-80FB-0710B293E5F7}.Debug|x86.Build.0 = Debug|Any CPU
		{EE516D81-B761-4ED9-80FB-0710B293E5F7}.Release|Any CPU.ActiveCfg = Release|Any CPU
		{EE516D81-B761-4ED9-80FB-0710B293E5F7}.Release|Any CPU.Build.0 = Release|Any CPU
		{EE516D81-B761-4ED9-80FB-0710B293E5F7}.Release|x86.ActiveCfg = Release|Any CPU
		{EE516D81-B761-4ED9-80FB-0710B293E5F7}.Release|x86.Build.0 = Release|Any CPU
		{C88DF63D-227A-458E-9270-AB6A777A7A09}.Debug|Any CPU.ActiveCfg = Debug|Any CPU
		{C88DF63D-227A-458E-9270-AB6A777A7A09}.Debug|Any CPU.Build.0 = Debug|Any CPU
		{C88DF63D-227A-458E-9270-AB6A777A7A09}.Debug|x86.ActiveCfg = Debug|Any CPU
		{C88DF63D-227A-458E-9270-AB6A777A7A09}.Debug|x86.Build.0 = Debug|Any CPU
		{C88DF63D-227A-458E-9270-AB6A777A7A09}.Release|Any CPU.ActiveCfg = Release|Any CPU
		{C88DF63D-227A-458E-9270-AB6A777A7A09}.Release|Any CPU.Build.0 = Release|Any CPU
		{C88DF63D-227A-458E-9270-AB6A777A7A09}.Release|x86.ActiveCfg = Release|Any CPU
		{C88DF63D-227A-458E-9270-AB6A777A7A09}.Release|x86.Build.0 = Release|Any CPU
		{7BD692E5-6886-4B5C-83C1-533BE2F90E67}.Debug|Any CPU.ActiveCfg = Debug|Any CPU
		{7BD692E5-6886-4B5C-83C1-533BE2F90E67}.Debug|Any CPU.Build.0 = Debug|Any CPU
		{7BD692E5-6886-4B5C-83C1-533BE2F90E67}.Debug|x86.ActiveCfg = Debug|Any CPU
		{7BD692E5-6886-4B5C-83C1-533BE2F90E67}.Debug|x86.Build.0 = Debug|Any CPU
		{7BD692E5-6886-4B5C-83C1-533BE2F90E67}.Release|Any CPU.ActiveCfg = Release|Any CPU
		{7BD692E5-6886-4B5C-83C1-533BE2F90E67}.Release|Any CPU.Build.0 = Release|Any CPU
		{7BD692E5-6886-4B5C-83C1-533BE2F90E67}.Release|x86.ActiveCfg = Release|Any CPU
		{7BD692E5-6886-4B5C-83C1-533BE2F90E67}.Release|x86.Build.0 = Release|Any CPU
		{AEEF5528-E4F8-4BE5-95F4-682EA399DFC4}.Debug|Any CPU.ActiveCfg = Debug|Any CPU
		{AEEF5528-E4F8-4BE5-95F4-682EA399DFC4}.Debug|Any CPU.Build.0 = Debug|Any CPU
		{AEEF5528-E4F8-4BE5-95F4-682EA399DFC4}.Debug|x86.ActiveCfg = Debug|Any CPU
		{AEEF5528-E4F8-4BE5-95F4-682EA399DFC4}.Debug|x86.Build.0 = Debug|Any CPU
		{AEEF5528-E4F8-4BE5-95F4-682EA399DFC4}.Release|Any CPU.ActiveCfg = Release|Any CPU
		{AEEF5528-E4F8-4BE5-95F4-682EA399DFC4}.Release|Any CPU.Build.0 = Release|Any CPU
		{AEEF5528-E4F8-4BE5-95F4-682EA399DFC4}.Release|x86.ActiveCfg = Release|Any CPU
		{AEEF5528-E4F8-4BE5-95F4-682EA399DFC4}.Release|x86.Build.0 = Release|Any CPU
	EndGlobalSection
	GlobalSection(SolutionProperties) = preSolution
		HideSolutionNode = FALSE
	EndGlobalSection
	GlobalSection(NestedProjects) = preSolution
		{56BB97CE-8C54-4444-8CD1-1B908393DFF9} = {D7F44B06-4F15-43AA-B572-E5C8EC9FEB68}
		{15853CC4-4FF4-4942-ABE9-0D1B1BCD0F9C} = {D7F44B06-4F15-43AA-B572-E5C8EC9FEB68}
		{310F8834-CFC8-4E18-80A1-2A2737228A44} = {D7F44B06-4F15-43AA-B572-E5C8EC9FEB68}
		{08AC895A-3B0C-4C43-8B2E-C625AB48CF4D} = {56BB97CE-8C54-4444-8CD1-1B908393DFF9}
		{06CF454F-43AB-4F6E-B941-9E4D6CEF7F0B} = {56BB97CE-8C54-4444-8CD1-1B908393DFF9}
		{918EA860-4EEF-4422-8F6C-355E7718D844} = {15853CC4-4FF4-4942-ABE9-0D1B1BCD0F9C}
		{3E25B588-C4D2-4ECF-AED8-5737FAB4DCBD} = {15853CC4-4FF4-4942-ABE9-0D1B1BCD0F9C}
		{79BAD032-F775-4D61-A1B5-8C88712144E6} = {310F8834-CFC8-4E18-80A1-2A2737228A44}
		{97148A04-7A0F-4343-94E0-02837236EDBD} = {310F8834-CFC8-4E18-80A1-2A2737228A44}
		{A032ACD6-E910-4810-B70F-95B46AF36AC1} = {FD41BECD-E5AC-4D32-960F-2BD8E3E29A46}
		{A036E2E9-43ED-4928-8235-1066BA5FDE05} = {FD41BECD-E5AC-4D32-960F-2BD8E3E29A46}
		{4A93CE08-D195-4A2F-985E-D8BC8C9B0CCF} = {FD41BECD-E5AC-4D32-960F-2BD8E3E29A46}
		{AFDF771F-00E6-42E6-8A77-AFCEABF87904} = {A032ACD6-E910-4810-B70F-95B46AF36AC1}
		{FC6D4634-D892-44EF-BA71-5BADE3AB594D} = {A036E2E9-43ED-4928-8235-1066BA5FDE05}
		{EE516D81-B761-4ED9-80FB-0710B293E5F7} = {A036E2E9-43ED-4928-8235-1066BA5FDE05}
		{C88DF63D-227A-458E-9270-AB6A777A7A09} = {4A93CE08-D195-4A2F-985E-D8BC8C9B0CCF}
		{7BD692E5-6886-4B5C-83C1-533BE2F90E67} = {4A93CE08-D195-4A2F-985E-D8BC8C9B0CCF}
		{AEEF5528-E4F8-4BE5-95F4-682EA399DFC4} = {A032ACD6-E910-4810-B70F-95B46AF36AC1}
	EndGlobalSection
	GlobalSection(ExtensibilityGlobals) = postSolution
		SolutionGuid = {9FE2C578-F9C3-42C1-AE95-BFB0C4A0E927}
	EndGlobalSection
EndGlobal
